// !$*UTF8*$!
{
	archiveVersion = 1;
	classes = {
	};
	objectVersion = 48;
	objects = {

/* Begin PBXBuildFile section */
		A14BBE581FCAF7A300FE58FB /* AppDelegate.swift in Sources */ = {isa = PBXBuildFile; fileRef = A14BBE571FCAF7A300FE58FB /* AppDelegate.swift */; };
		A14BBE5A1FCAF7A300FE58FB /* ViewController.swift in Sources */ = {isa = PBXBuildFile; fileRef = A14BBE591FCAF7A300FE58FB /* ViewController.swift */; };
		A14BBE5D1FCAF7A300FE58FB /* Main.storyboard in Resources */ = {isa = PBXBuildFile; fileRef = A14BBE5B1FCAF7A300FE58FB /* Main.storyboard */; };
		A14BBE5F1FCAF7A300FE58FB /* Assets.xcassets in Resources */ = {isa = PBXBuildFile; fileRef = A14BBE5E1FCAF7A300FE58FB /* Assets.xcassets */; };
		A14BBE621FCAF7A300FE58FB /* LaunchScreen.storyboard in Resources */ = {isa = PBXBuildFile; fileRef = A14BBE601FCAF7A300FE58FB /* LaunchScreen.storyboard */; };
		A1C403C61FCB06B200FBDDBE /* Portal.scnassets in Resources */ = {isa = PBXBuildFile; fileRef = A1C403C51FCB06B200FBDDBE /* Portal.scnassets */; };
/* End PBXBuildFile section */

/* Begin PBXFileReference section */
		A14BBE541FCAF7A300FE58FB /* AR-Portal.app */ = {isa = PBXFileReference; explicitFileType = wrapper.application; includeInIndex = 0; path = "AR-Portal.app"; sourceTree = BUILT_PRODUCTS_DIR; };
		A14BBE571FCAF7A300FE58FB /* AppDelegate.swift */ = {isa = PBXFileReference; lastKnownFileType = sourcecode.swift; path = AppDelegate.swift; sourceTree = "<group>"; };
		A14BBE591FCAF7A300FE58FB /* ViewController.swift */ = {isa = PBXFileReference; lastKnownFileType = sourcecode.swift; path = ViewController.swift; sourceTree = "<group>"; };
		A14BBE5C1FCAF7A300FE58FB /* Base */ = {isa = PBXFileReference; lastKnownFileType = file.storyboard; name = Base; path = Base.lproj/Main.storyboard; sourceTree = "<group>"; };
		A14BBE5E1FCAF7A300FE58FB /* Assets.xcassets */ = {isa = PBXFileReference; lastKnownFileType = folder.assetcatalog; path = Assets.xcassets; sourceTree = "<group>"; };
		A14BBE611FCAF7A300FE58FB /* Base */ = {isa = PBXFileReference; lastKnownFileType = file.storyboard; name = Base; path = Base.lproj/LaunchScreen.storyboard; sourceTree = "<group>"; };
		A14BBE631FCAF7A300FE58FB /* Info.plist */ = {isa = PBXFileReference; lastKnownFileType = text.plist.xml; path = Info.plist; sourceTree = "<group>"; };
		A1C403C51FCB06B200FBDDBE /* Portal.scnassets */ = {isa = PBXFileReference; lastKnownFileType = wrapper.scnassets; path = Portal.scnassets; sourceTree = "<group>"; };
/* End PBXFileReference section */

/* Begin PBXFrameworksBuildPhase section */
		A14BBE511FCAF7A300FE58FB /* Frameworks */ = {
			isa = PBXFrameworksBuildPhase;
			buildActionMask = 2147483647;
			files = (
			);
			runOnlyForDeploymentPostprocessing = 0;
		};
/* End PBXFrameworksBuildPhase section */

/* Begin PBXGroup section */
		A14BBE4B1FCAF7A300FE58FB = {
			isa = PBXGroup;
			children = (
				A14BBE561FCAF7A300FE58FB /* AR-Portal */,
				A14BBE551FCAF7A300FE58FB /* Products */,
			);
			sourceTree = "<group>";
		};
		A14BBE551FCAF7A300FE58FB /* Products */ = {
			isa = PBXGroup;
			children = (
				A14BBE541FCAF7A300FE58FB /* AR-Portal.app */,
			);
			name = Products;
			sourceTree = "<group>";
		};
		A14BBE561FCAF7A300FE58FB /* AR-Portal */ = {
			isa = PBXGroup;
			children = (
				A14BBE571FCAF7A300FE58FB /* AppDelegate.swift */,
				A14BBE591FCAF7A300FE58FB /* ViewController.swift */,
				A14BBE5B1FCAF7A300FE58FB /* Main.storyboard */,
				A14BBE5E1FCAF7A300FE58FB /* Assets.xcassets */,
				A14BBE601FCAF7A300FE58FB /* LaunchScreen.storyboard */,
				A14BBE631FCAF7A300FE58FB /* Info.plist */,
				A1C403C51FCB06B200FBDDBE /* Portal.scnassets */,
			);
			path = "AR-Portal";
			sourceTree = "<group>";
		};
/* End PBXGroup section */

/* Begin PBXNativeTarget section */
		A14BBE531FCAF7A300FE58FB /* AR-Portal */ = {
			isa = PBXNativeTarget;
			buildConfigurationList = A14BBE661FCAF7A300FE58FB /* Build configuration list for PBXNativeTarget "AR-Portal" */;
			buildPhases = (
				A14BBE501FCAF7A300FE58FB /* Sources */,
				A14BBE511FCAF7A300FE58FB /* Frameworks */,
				A14BBE521FCAF7A300FE58FB /* Resources */,
			);
			buildRules = (
			);
			dependencies = (
			);
			name = "AR-Portal";
			productName = "AR-Portal";
			productReference = A14BBE541FCAF7A300FE58FB /* AR-Portal.app */;
			productType = "com.apple.product-type.application";
		};
/* End PBXNativeTarget section */

/* Begin PBXProject section */
		A14BBE4C1FCAF7A300FE58FB /* Project object */ = {
			isa = PBXProject;
			attributes = {
				LastSwiftUpdateCheck = 0910;
				LastUpgradeCheck = 0910;
				ORGANIZATIONNAME = "Boris Alexis Gonzalez Macias";
				TargetAttributes = {
					A14BBE531FCAF7A300FE58FB = {
						CreatedOnToolsVersion = 9.1;
						ProvisioningStyle = Automatic;
					};
				};
			};
			buildConfigurationList = A14BBE4F1FCAF7A300FE58FB /* Build configuration list for PBXProject "AR-Portal" */;
			compatibilityVersion = "Xcode 8.0";
			developmentRegion = en;
			hasScannedForEncodings = 0;
			knownRegions = (
				en,
				Base,
			);
			mainGroup = A14BBE4B1FCAF7A300FE58FB;
			productRefGroup = A14BBE551FCAF7A300FE58FB /* Products */;
			projectDirPath = "";
			projectRoot = "";
			targets = (
				A14BBE531FCAF7A300FE58FB /* AR-Portal */,
			);
		};
/* End PBXProject section */

/* Begin PBXResourcesBuildPhase section */
		A14BBE521FCAF7A300FE58FB /* Resources */ = {
			isa = PBXResourcesBuildPhase;
			buildActionMask = 2147483647;
			files = (
				A1C403C61FCB06B200FBDDBE /* Portal.scnassets in Resources */,
				A14BBE621FCAF7A300FE58FB /* LaunchScreen.storyboard in Resources */,
				A14BBE5F1FCAF7A300FE58FB /* Assets.xcassets in Resources */,
				A14BBE5D1FCAF7A300FE58FB /* Main.storyboard in Resources */,
			);
			runOnlyForDeploymentPostprocessing = 0;
		};
/* End PBXResourcesBuildPhase section */

/* Begin PBXSourcesBuildPhase section */
		A14BBE501FCAF7A300FE58FB /* Sources */ = {
			isa = PBXSourcesBuildPhase;
			buildActionMask = 2147483647;
			files = (
				A14BBE5A1FCAF7A300FE58FB /* ViewController.swift in Sources */,
				A14BBE581FCAF7A300FE58FB /* AppDelegate.swift in Sources */,
			);
			runOnlyForDeploymentPostprocessing = 0;
		};
/* End PBXSourcesBuildPhase section */

/* Begin PBXVariantGroup section */
		A14BBE5B1FCAF7A300FE58FB /* Main.storyboard */ = {
			isa = PBXVariantGroup;
			children = (
				A14BBE5C1FCAF7A300FE58FB /* Base */,
			);
			name = Main.storyboard;
			sourceTree = "<group>";
		};
		A14BBE601FCAF7A300FE58FB /* LaunchScreen.storyboard */ = {
			isa = PBXVariantGroup;
			children = (
				A14BBE611FCAF7A300FE58FB /* Base */,
			);
			name = LaunchScreen.storyboard;
			sourceTree = "<group>";
		};
/* End PBXVariantGroup section */

/* Begin XCBuildConfiguration section */
		A14BBE641FCAF7A300FE58FB /* Debug */ = {
			isa = XCBuildConfiguration;
			buildSettings = {
				ALWAYS_SEARCH_USER_PATHS = NO;
				CLANG_ANALYZER_NONNULL = YES;
				CLANG_ANALYZER_NUMBER_OBJECT_CONVERSION = YES_AGGRESSIVE;
				CLANG_CXX_LANGUAGE_STANDARD = "gnu++14";
				CLANG_CXX_LIBRARY = "libc++";
				CLANG_ENABLE_MODULES = YES;
				CLANG_ENABLE_OBJC_ARC = YES;
				CLANG_WARN_BLOCK_CAPTURE_AUTORELEASING = YES;
				CLANG_WARN_BOOL_CONVERSION = YES;
				CLANG_WARN_COMMA = YES;
				CLANG_WARN_CONSTANT_CONVERSION = YES;
				CLANG_WARN_DIRECT_OBJC_ISA_USAGE = YES_ERROR;
				CLANG_WARN_DOCUMENTATION_COMMENTS = YES;
				CLANG_WARN_EMPTY_BODY = YES;
				CLANG_WARN_ENUM_CONVERSION = YES;
				CLANG_WARN_INFINITE_RECURSION = YES;
				CLANG_WARN_INT_CONVERSION = YES;
				CLANG_WARN_NON_LITERAL_NULL_CONVERSION = YES;
				CLANG_WARN_OBJC_LITERAL_CONVERSION = YES;
				CLANG_WARN_OBJC_ROOT_CLASS = YES_ERROR;
				CLANG_WARN_RANGE_LOOP_ANALYSIS = YES;
				CLANG_WARN_STRICT_PROTOTYPES = YES;
				CLANG_WARN_SUSPICIOUS_MOVE = YES;
				CLANG_WARN_UNGUARDED_AVAILABILITY = YES_AGGRESSIVE;
				CLANG_WARN_UNREACHABLE_CODE = YES;
				CLANG_WARN__DUPLICATE_METHOD_MATCH = YES;
				CODE_SIGN_IDENTITY = "iPhone Developer";
				COPY_PHASE_STRIP = NO;
				DEBUG_INFORMATION_FORMAT = dwarf;
				ENABLE_STRICT_OBJC_MSGSEND = YES;
				ENABLE_TESTABILITY = YES;
				GCC_C_LANGUAGE_STANDARD = gnu11;
				GCC_DYNAMIC_NO_PIC = NO;
				GCC_NO_COMMON_BLOCKS = YES;
				GCC_OPTIMIZATION_LEVEL = 0;
				GCC_PREPROCESSOR_DEFINITIONS = (
					"DEBUG=1",
					"$(inherited)",
				);
				GCC_WARN_64_TO_32_BIT_CONVERSION = YES;
				GCC_WARN_ABOUT_RETURN_TYPE = YES_ERROR;
				GCC_WARN_UNDECLARED_SELECTOR = YES;
				GCC_WARN_UNINITIALIZED_AUTOS = YES_AGGRESSIVE;
				GCC_WARN_UNUSED_FUNCTION = YES;
				GCC_WARN_UNUSED_VARIABLE = YES;
				IPHONEOS_DEPLOYMENT_TARGET = 11.1;
				MTL_ENABLE_DEBUG_INFO = YES;
				ONLY_ACTIVE_ARCH = YES;
				SDKROOT = iphoneos;
				SWIFT_ACTIVE_COMPILATION_CONDITIONS = DEBUG;
				SWIFT_OPTIMIZATION_LEVEL = "-Onone";
			};
			name = Debug;
		};
		A14BBE651FCAF7A300FE58FB /* Release */ = {
			isa = XCBuildConfiguration;
			buildSettings = {
				ALWAYS_SEARCH_USER_PATHS = NO;
				CLANG_ANALYZER_NONNULL = YES;
				CLANG_ANALYZER_NUMBER_OBJECT_CONVERSION = YES_AGGRESSIVE;
				CLANG_CXX_LANGUAGE_STANDARD = "gnu++14";
				CLANG_CXX_LIBRARY = "libc++";
				CLANG_ENABLE_MODULES = YES;
				CLANG_ENABLE_OBJC_ARC = YES;
				CLANG_WARN_BLOCK_CAPTURE_AUTORELEASING = YES;
				CLANG_WARN_BOOL_CONVERSION = YES;
				CLANG_WARN_COMMA = YES;
				CLANG_WARN_CONSTANT_CONVERSION = YES;
				CLANG_WARN_DIRECT_OBJC_ISA_USAGE = YES_ERROR;
				CLANG_WARN_DOCUMENTATION_COMMENTS = YES;
				CLANG_WARN_EMPTY_BODY = YES;
				CLANG_WARN_ENUM_CONVERSION = YES;
				CLANG_WARN_INFINITE_RECURSION = YES;
				CLANG_WARN_INT_CONVERSION = YES;
				CLANG_WARN_NON_LITERAL_NULL_CONVERSION = YES;
				CLANG_WARN_OBJC_LITERAL_CONVERSION = YES;
				CLANG_WARN_OBJC_ROOT_CLASS = YES_ERROR;
				CLANG_WARN_RANGE_LOOP_ANALYSIS = YES;
				CLANG_WARN_STRICT_PROTOTYPES = YES;
				CLANG_WARN_SUSPICIOUS_MOVE = YES;
				CLANG_WARN_UNGUARDED_AVAILABILITY = YES_AGGRESSIVE;
				CLANG_WARN_UNREACHABLE_CODE = YES;
				CLANG_WARN__DUPLICATE_METHOD_MATCH = YES;
				CODE_SIGN_IDENTITY = "iPhone Developer";
				COPY_PHASE_STRIP = NO;
				DEBUG_INFORMATION_FORMAT = "dwarf-with-dsym";
				ENABLE_NS_ASSERTIONS = NO;
				ENABLE_STRICT_OBJC_MSGSEND = YES;
				GCC_C_LANGUAGE_STANDARD = gnu11;
				GCC_NO_COMMON_BLOCKS = YES;
				GCC_WARN_64_TO_32_BIT_CONVERSION = YES;
				GCC_WARN_ABOUT_RETURN_TYPE = YES_ERROR;
				GCC_WARN_UNDECLARED_SELECTOR = YES;
				GCC_WARN_UNINITIALIZED_AUTOS = YES_AGGRESSIVE;
				GCC_WARN_UNUSED_FUNCTION = YES;
				GCC_WARN_UNUSED_VARIABLE = YES;
				IPHONEOS_DEPLOYMENT_TARGET = 11.1;
				MTL_ENABLE_DEBUG_INFO = NO;
				SDKROOT = iphoneos;
				SWIFT_OPTIMIZATION_LEVEL = "-Owholemodule";
				VALIDATE_PRODUCT = YES;
			};
			name = Release;
		};
		A14BBE671FCAF7A300FE58FB /* Debug */ = {
			isa = XCBuildConfiguration;
			buildSettings = {
				ASSETCATALOG_COMPILER_APPICON_NAME = AppIcon;
				CODE_SIGN_STYLE = Automatic;
				DEVELOPMENT_TEAM = YCWY7J2PNU;
				INFOPLIST_FILE = "AR-Portal/Info.plist";
				LD_RUNPATH_SEARCH_PATHS = "$(inherited) @executable_path/Frameworks";
				PRODUCT_BUNDLE_IDENTIFIER = "com.pantlessdev.AR-Portal";
				PRODUCT_NAME = "$(TARGET_NAME)";
				SWIFT_VERSION = 4.0;
				TARGETED_DEVICE_FAMILY = "1,2";
			};
			name = Debug;
		};
		A14BBE681FCAF7A300FE58FB /* Release */ = {
			isa = XCBuildConfiguration;
			buildSettings = {
				ASSETCATALOG_COMPILER_APPICON_NAME = AppIcon;
				CODE_SIGN_STYLE = Automatic;
				DEVELOPMENT_TEAM = YCWY7J2PNU;
				INFOPLIST_FILE = "AR-Portal/Info.plist";
				LD_RUNPATH_SEARCH_PATHS = "$(inherited) @executable_path/Frameworks";
				PRODUCT_BUNDLE_IDENTIFIER = "com.pantlessdev.AR-Portal";
				PRODUCT_NAME = "$(TARGET_NAME)";
				SWIFT_VERSION = 4.0;
				TARGETED_DEVICE_FAMILY = "1,2";
			};
			name = Release;
		};
/* End XCBuildConfiguration section */

/* Begin XCConfigurationList section */
		A14BBE4F1FCAF7A300FE58FB /* Build configuration list for PBXProject "AR-Portal" */ = {
			isa = XCConfigurationList;
			buildConfigurations = (
				A14BBE641FCAF7A300FE58FB /* Debug */,
				A14BBE651FCAF7A300FE58FB /* Release */,
			);
			defaultConfigurationIsVisible = 0;
			defaultConfigurationName = Release;
		};
		A14BBE661FCAF7A300FE58FB /* Build configuration list for PBXNativeTarget "AR-Portal" */ = {
			isa = XCConfigurationList;
			buildConfigurations = (
				A14BBE671FCAF7A300FE58FB /* Debug */,
				A14BBE681FCAF7A300FE58FB /* Release */,
			);
			defaultConfigurationIsVisible = 0;
			defaultConfigurationName = Release;
		};
/* End XCConfigurationList section */
	};
	rootObject = A14BBE4C1FCAF7A300FE58FB /* Project object */;
}
